
Microsoft Visual Studio Solution File, Format Version 12.00
# Visual Studio Version 17
VisualStudioVersion = 17.9.34728.123
MinimumVisualStudioVersion = 10.0.40219.1
Project("{FAE04EC0-301F-11D3-BF4B-00C04F79EFBC}") = "Solid_Principles", "Solid_Principles\Solid_Principles.csproj", "{E0E0CB92-DBB2-469F-9272-BD35AD74E972}"
EndProject
Project("{FAE04EC0-301F-11D3-BF4B-00C04F79EFBC}") = "SRP_BankingSystem", "SRP_BankingSystem\SRP_BankingSystem.csproj", "{1F21B3E8-B3C0-430E-B9CE-4796F0D5A6CE}"
EndProject
Project("{FAE04EC0-301F-11D3-BF4B-00C04F79EFBC}") = "SRP_EducationSystem", "SRP_EducationSystem\SRP_EducationSystem.csproj", "{042B2E50-FAA1-43E6-BA15-E4044A21BC65}"
EndProject
Project("{FAE04EC0-301F-11D3-BF4B-00C04F79EFBC}") = "SRP_Report_Generation_System", "SRP_Report_Generation_System\SRP_Report_Generation_System.csproj", "{116073EF-2342-40AF-AD75-241F4499BF78}"
EndProject
Project("{FAE04EC0-301F-11D3-BF4B-00C04F79EFBC}") = "SRP_managementofbooksinalibrary", "SRP_managementofbooksinalibrary\SRP_managementofbooksinalibrary.csproj", "{44BFF527-4C0D-418D-8BCE-47EA9167452E}"
EndProject
Project("{FAE04EC0-301F-11D3-BF4B-00C04F79EFBC}") = "SRP_Managing_Employee_Salaries", "SRP_Managing_Employee_Salaries\SRP_Managing_Employee_Salaries.csproj", "{20A7D9AF-0F43-4419-9863-1B0A2C502E96}"
EndProject
Project("{FAE04EC0-301F-11D3-BF4B-00C04F79EFBC}") = "SRP_HandlingCustomerOrders", "SRP_HandlingCustomerOrders\SRP_HandlingCustomerOrders.csproj", "{7D5C6E12-07B6-4BB9-9BC1-E6D6ABC37F87}"
EndProject
Project("{FAE04EC0-301F-11D3-BF4B-00C04F79EFBC}") = "SRP_Vehicle_Maintenance_System", "SRP_Vehicle_Maintenance_System\SRP_Vehicle_Maintenance_System.csproj", "{19A52C05-5283-4E9B-B797-CBDF35D09C7B}"
EndProject
Project("{FAE04EC0-301F-11D3-BF4B-00C04F79EFBC}") = "SRP_Event_Management_System", "SRP_Event_Management_System\SRP_Event_Management_System.csproj", "{09C34975-A669-4FC1-A29F-806BB27B1982}"
EndProject
Project("{FAE04EC0-301F-11D3-BF4B-00C04F79EFBC}") = "SOLID_PRINCIPLES.OCP", "SOLID_PRINCIPLES.OCP\SOLID_PRINCIPLES.OCP.csproj", "{5BE8260B-E854-4411-BEDC-ABB4895B4017}"
EndProject
Project("{FAE04EC0-301F-11D3-BF4B-00C04F79EFBC}") = "E-commerce_ System_that_Provides_Discounts.OCP", "E-commerce_ System_that_Provides_Discounts.OCP\E-commerce_ System_that_Provides_Discounts.OCP.csproj", "{24BD2893-1F77-42C0-99FD-0C25735D409A}"
EndProject
Project("{FAE04EC0-301F-11D3-BF4B-00C04F79EFBC}") = "Notification_System_OCP", "Notification_System_OCP\Notification_System_OCP.csproj", "{3EC3BA5F-3F4C-46B0-83BB-1A0BB2A9A056}"
EndProject
Project("{FAE04EC0-301F-11D3-BF4B-00C04F79EFBC}") = "Logging_Mechanism_OCP", "Logging_Mechanism_OCP\Logging_Mechanism_OCP.csproj", "{BBDA3FB6-47A4-45E4-B547-DECC2E610AE6}"
EndProject
Project("{FAE04EC0-301F-11D3-BF4B-00C04F79EFBC}") = "Tax_Calculation_System_OCP", "Tax_Calculation_System\Tax_Calculation_System_OCP.csproj", "{24339E86-916F-4862-8D8A-291798EDF7DF}"
EndProject
Global
	GlobalSection(SolutionConfigurationPlatforms) = preSolution
		Debug|Any CPU = Debug|Any CPU
		Release|Any CPU = Release|Any CPU
	EndGlobalSection
	GlobalSection(ProjectConfigurationPlatforms) = postSolution
		{E0E0CB92-DBB2-469F-9272-BD35AD74E972}.Debug|Any CPU.ActiveCfg = Debug|Any CPU
		{E0E0CB92-DBB2-469F-9272-BD35AD74E972}.Debug|Any CPU.Build.0 = Debug|Any CPU
		{E0E0CB92-DBB2-469F-9272-BD35AD74E972}.Release|Any CPU.ActiveCfg = Release|Any CPU
		{E0E0CB92-DBB2-469F-9272-BD35AD74E972}.Release|Any CPU.Build.0 = Release|Any CPU
		{1F21B3E8-B3C0-430E-B9CE-4796F0D5A6CE}.Debug|Any CPU.ActiveCfg = Debug|Any CPU
		{1F21B3E8-B3C0-430E-B9CE-4796F0D5A6CE}.Debug|Any CPU.Build.0 = Debug|Any CPU
		{1F21B3E8-B3C0-430E-B9CE-4796F0D5A6CE}.Release|Any CPU.ActiveCfg = Release|Any CPU
		{1F21B3E8-B3C0-430E-B9CE-4796F0D5A6CE}.Release|Any CPU.Build.0 = Release|Any CPU
		{042B2E50-FAA1-43E6-BA15-E4044A21BC65}.Debug|Any CPU.ActiveCfg = Debug|Any CPU
		{042B2E50-FAA1-43E6-BA15-E4044A21BC65}.Debug|Any CPU.Build.0 = Debug|Any CPU
		{042B2E50-FAA1-43E6-BA15-E4044A21BC65}.Release|Any CPU.ActiveCfg = Release|Any CPU
		{042B2E50-FAA1-43E6-BA15-E4044A21BC65}.Release|Any CPU.Build.0 = Release|Any CPU
		{116073EF-2342-40AF-AD75-241F4499BF78}.Debug|Any CPU.ActiveCfg = Debug|Any CPU
		{116073EF-2342-40AF-AD75-241F4499BF78}.Debug|Any CPU.Build.0 = Debug|Any CPU
		{116073EF-2342-40AF-AD75-241F4499BF78}.Release|Any CPU.ActiveCfg = Release|Any CPU
		{116073EF-2342-40AF-AD75-241F4499BF78}.Release|Any CPU.Build.0 = Release|Any CPU
		{44BFF527-4C0D-418D-8BCE-47EA9167452E}.Debug|Any CPU.ActiveCfg = Debug|Any CPU
		{44BFF527-4C0D-418D-8BCE-47EA9167452E}.Debug|Any CPU.Build.0 = Debug|Any CPU
		{44BFF527-4C0D-418D-8BCE-47EA9167452E}.Release|Any CPU.ActiveCfg = Release|Any CPU
		{44BFF527-4C0D-418D-8BCE-47EA9167452E}.Release|Any CPU.Build.0 = Release|Any CPU
		{20A7D9AF-0F43-4419-9863-1B0A2C502E96}.Debug|Any CPU.ActiveCfg = Debug|Any CPU
		{20A7D9AF-0F43-4419-9863-1B0A2C502E96}.Debug|Any CPU.Build.0 = Debug|Any CPU
		{20A7D9AF-0F43-4419-9863-1B0A2C502E96}.Release|Any CPU.ActiveCfg = Release|Any CPU
		{20A7D9AF-0F43-4419-9863-1B0A2C502E96}.Release|Any CPU.Build.0 = Release|Any CPU
		{7D5C6E12-07B6-4BB9-9BC1-E6D6ABC37F87}.Debug|Any CPU.ActiveCfg = Debug|Any CPU
		{7D5C6E12-07B6-4BB9-9BC1-E6D6ABC37F87}.Debug|Any CPU.Build.0 = Debug|Any CPU
		{7D5C6E12-07B6-4BB9-9BC1-E6D6ABC37F87}.Release|Any CPU.ActiveCfg = Release|Any CPU
		{7D5C6E12-07B6-4BB9-9BC1-E6D6ABC37F87}.Release|Any CPU.Build.0 = Release|Any CPU
		{19A52C05-5283-4E9B-B797-CBDF35D09C7B}.Debug|Any CPU.ActiveCfg = Debug|Any CPU
		{19A52C05-5283-4E9B-B797-CBDF35D09C7B}.Debug|Any CPU.Build.0 = Debug|Any CPU
		{19A52C05-5283-4E9B-B797-CBDF35D09C7B}.Release|Any CPU.ActiveCfg = Release|Any CPU
		{19A52C05-5283-4E9B-B797-CBDF35D09C7B}.Release|Any CPU.Build.0 = Release|Any CPU
		{09C34975-A669-4FC1-A29F-806BB27B1982}.Debug|Any CPU.ActiveCfg = Debug|Any CPU
		{09C34975-A669-4FC1-A29F-806BB27B1982}.Debug|Any CPU.Build.0 = Debug|Any CPU
		{09C34975-A669-4FC1-A29F-806BB27B1982}.Release|Any CPU.ActiveCfg = Release|Any CPU
		{09C34975-A669-4FC1-A29F-806BB27B1982}.Release|Any CPU.Build.0 = Release|Any CPU
		{5BE8260B-E854-4411-BEDC-ABB4895B4017}.Debug|Any CPU.ActiveCfg = Debug|Any CPU
		{5BE8260B-E854-4411-BEDC-ABB4895B4017}.Debug|Any CPU.Build.0 = Debug|Any CPU
		{5BE8260B-E854-4411-BEDC-ABB4895B4017}.Release|Any CPU.ActiveCfg = Release|Any CPU
		{5BE8260B-E854-4411-BEDC-ABB4895B4017}.Release|Any CPU.Build.0 = Release|Any CPU
		{24BD2893-1F77-42C0-99FD-0C25735D409A}.Debug|Any CPU.ActiveCfg = Debug|Any CPU
		{24BD2893-1F77-42C0-99FD-0C25735D409A}.Debug|Any CPU.Build.0 = Debug|Any CPU
		{24BD2893-1F77-42C0-99FD-0C25735D409A}.Release|Any CPU.ActiveCfg = Release|Any CPU
		{24BD2893-1F77-42C0-99FD-0C25735D409A}.Release|Any CPU.Build.0 = Release|Any CPU
		{3EC3BA5F-3F4C-46B0-83BB-1A0BB2A9A056}.Debug|Any CPU.ActiveCfg = Debug|Any CPU
		{3EC3BA5F-3F4C-46B0-83BB-1A0BB2A9A056}.Debug|Any CPU.Build.0 = Debug|Any CPU
		{3EC3BA5F-3F4C-46B0-83BB-1A0BB2A9A056}.Release|Any CPU.ActiveCfg = Release|Any CPU
		{3EC3BA5F-3F4C-46B0-83BB-1A0BB2A9A056}.Release|Any CPU.Build.0 = Release|Any CPU
		{BBDA3FB6-47A4-45E4-B547-DECC2E610AE6}.Debug|Any CPU.ActiveCfg = Debug|Any CPU
		{BBDA3FB6-47A4-45E4-B547-DECC2E610AE6}.Debug|Any CPU.Build.0 = Debug|Any CPU
		{BBDA3FB6-47A4-45E4-B547-DECC2E610AE6}.Release|Any CPU.ActiveCfg = Release|Any CPU
		{BBDA3FB6-47A4-45E4-B547-DECC2E610AE6}.Release|Any CPU.Build.0 = Release|Any CPU
		{24339E86-916F-4862-8D8A-291798EDF7DF}.Debug|Any CPU.ActiveCfg = Debug|Any CPU
		{24339E86-916F-4862-8D8A-291798EDF7DF}.Debug|Any CPU.Build.0 = Debug|Any CPU
		{24339E86-916F-4862-8D8A-291798EDF7DF}.Release|Any CPU.ActiveCfg = Release|Any CPU
		{24339E86-916F-4862-8D8A-291798EDF7DF}.Release|Any CPU.Build.0 = Release|Any CPU
	EndGlobalSection
	GlobalSection(SolutionProperties) = preSolution
		HideSolutionNode = FALSE
	EndGlobalSection
	GlobalSection(ExtensibilityGlobals) = postSolution
		SolutionGuid = {3E4318F9-66E8-4456-9099-BF8F52AA58D1}
	EndGlobalSection
EndGlobal
