
Microsoft Visual Studio Solution File, Format Version 12.00
# Visual Studio Version 17
VisualStudioVersion = 17.9.34728.123
MinimumVisualStudioVersion = 10.0.40219.1
Project("{FAE04EC0-301F-11D3-BF4B-00C04F79EFBC}") = "Solid_Principles", "Solid_Principles\Solid_Principles.csproj", "{E0E0CB92-DBB2-469F-9272-BD35AD74E972}"
EndProject
Project("{FAE04EC0-301F-11D3-BF4B-00C04F79EFBC}") = "SRP_BankingSystem", "SRP_BankingSystem\SRP_BankingSystem.csproj", "{1F21B3E8-B3C0-430E-B9CE-4796F0D5A6CE}"
EndProject
Project("{FAE04EC0-301F-11D3-BF4B-00C04F79EFBC}") = "SRP_EducationSystem", "SRP_EducationSystem\SRP_EducationSystem.csproj", "{042B2E50-FAA1-43E6-BA15-E4044A21BC65}"
EndProject
Project("{FAE04EC0-301F-11D3-BF4B-00C04F79EFBC}") = "SRP_Report_Generation_System", "SRP_Report_Generation_System\SRP_Report_Generation_System.csproj", "{116073EF-2342-40AF-AD75-241F4499BF78}"
EndProject
Project("{FAE04EC0-301F-11D3-BF4B-00C04F79EFBC}") = "SRP_managementofbooksinalibrary", "SRP_managementofbooksinalibrary\SRP_managementofbooksinalibrary.csproj", "{44BFF527-4C0D-418D-8BCE-47EA9167452E}"
EndProject
Project("{FAE04EC0-301F-11D3-BF4B-00C04F79EFBC}") = "SRP_Managing_Employee_Salaries", "SRP_Managing_Employee_Salaries\SRP_Managing_Employee_Salaries.csproj", "{20A7D9AF-0F43-4419-9863-1B0A2C502E96}"
EndProject
Project("{FAE04EC0-301F-11D3-BF4B-00C04F79EFBC}") = "SRP_HandlingCustomerOrders", "SRP_HandlingCustomerOrders\SRP_HandlingCustomerOrders.csproj", "{7D5C6E12-07B6-4BB9-9BC1-E6D6ABC37F87}"
EndProject
Project("{FAE04EC0-301F-11D3-BF4B-00C04F79EFBC}") = "SRP_Vehicle_Maintenance_System", "SRP_Vehicle_Maintenance_System\SRP_Vehicle_Maintenance_System.csproj", "{19A52C05-5283-4E9B-B797-CBDF35D09C7B}"
EndProject
Project("{FAE04EC0-301F-11D3-BF4B-00C04F79EFBC}") = "SRP_Event_Management_System", "SRP_Event_Management_System\SRP_Event_Management_System.csproj", "{09C34975-A669-4FC1-A29F-806BB27B1982}"
EndProject
Project("{FAE04EC0-301F-11D3-BF4B-00C04F79EFBC}") = "SOLID_PRINCIPLES.OCP", "SOLID_PRINCIPLES.OCP\SOLID_PRINCIPLES.OCP.csproj", "{5BE8260B-E854-4411-BEDC-ABB4895B4017}"
EndProject
Project("{FAE04EC0-301F-11D3-BF4B-00C04F79EFBC}") = "E-commerce_ System_that_Provides_Discounts.OCP", "E-commerce_ System_that_Provides_Discounts.OCP\E-commerce_ System_that_Provides_Discounts.OCP.csproj", "{24BD2893-1F77-42C0-99FD-0C25735D409A}"
EndProject
Project("{FAE04EC0-301F-11D3-BF4B-00C04F79EFBC}") = "Notification_System_OCP", "Notification_System_OCP\Notification_System_OCP.csproj", "{3EC3BA5F-3F4C-46B0-83BB-1A0BB2A9A056}"
EndProject
Project("{FAE04EC0-301F-11D3-BF4B-00C04F79EFBC}") = "Logging_Mechanism_OCP", "Logging_Mechanism_OCP\Logging_Mechanism_OCP.csproj", "{BBDA3FB6-47A4-45E4-B547-DECC2E610AE6}"
EndProject
Project("{FAE04EC0-301F-11D3-BF4B-00C04F79EFBC}") = "Tax_Calculation_System_OCP", "Tax_Calculation_System\Tax_Calculation_System_OCP.csproj", "{24339E86-916F-4862-8D8A-291798EDF7DF}"
EndProject
Project("{FAE04EC0-301F-11D3-BF4B-00C04F79EFBC}") = "Report_Generation_System_OCP", "Report_Generation_System_OCP\Report_Generation_System_OCP.csproj", "{1A29ED24-DFC4-4368-AC5C-255CDB43BCDE}"
EndProject
Project("{FAE04EC0-301F-11D3-BF4B-00C04F79EFBC}") = "Payment_Gateway_System_OCP", "Payment_Gateway_System_OCP\Payment_Gateway_System_OCP.csproj", "{73246FB0-175D-4C19-A429-6C6A9223EB28}"
EndProject
Project("{FAE04EC0-301F-11D3-BF4B-00C04F79EFBC}") = "SOLID_PRINCIPLES.LSP", "SOLID_PRINCIPLES.LSP\SOLID_PRINCIPLES.LSP.csproj", "{46AE9C85-440B-4BE4-97B0-7EA7F6CD085E}"
EndProject
Project("{FAE04EC0-301F-11D3-BF4B-00C04F79EFBC}") = "Bank_Accounts_LSP", "Bank_Accounts_LSP\Bank_Accounts_LSP.csproj", "{1AF99072-E5F9-4B3D-AF71-9B31BA2F2050}"
EndProject
Project("{FAE04EC0-301F-11D3-BF4B-00C04F79EFBC}") = "Creating_Different_Shapes_LSP", "Creating_Different_Shapes_LSP\Creating_Different_Shapes_LSP.csproj", "{EA894400-2C85-4772-878D-C81EC6F939CC}"
EndProject
Project("{FAE04EC0-301F-11D3-BF4B-00C04F79EFBC}") = "BankAccounts_LSP", "BankAccounts_LSP\BankAccounts_LSP.csproj", "{9033BC3D-4A0C-4516-8F6B-B6CEFC032291}"
EndProject
Project("{FAE04EC0-301F-11D3-BF4B-00C04F79EFBC}") = "Vehicles_and_Their_Engines_LSP", "Vehicles_and_Their_Engines_LSP\Vehicles_and_Their_Engines_LSP.csproj", "{32A27C35-9B76-4C18-A341-2CED2F999E5A}"
EndProject
Project("{FAE04EC0-301F-11D3-BF4B-00C04F79EFBC}") = "Document_Processing_LSP", "Document_Processing_LSP\Document_Processing_LSP.csproj", "{96F8BDAD-3158-48B7-88B2-030ACDE34A2B}"
EndProject
Project("{FAE04EC0-301F-11D3-BF4B-00C04F79EFBC}") = "SOLID_PRINCIPLES.ISP", "SOLID_PRINCIPLES.ISP\SOLID_PRINCIPLES.ISP.csproj", "{286A9179-A9A8-4D28-B64C-CDE27812C9F5}"
EndProject
Global
	GlobalSection(SolutionConfigurationPlatforms) = preSolution
		Debug|Any CPU = Debug|Any CPU
		Release|Any CPU = Release|Any CPU
	EndGlobalSection
	GlobalSection(ProjectConfigurationPlatforms) = postSolution
		{E0E0CB92-DBB2-469F-9272-BD35AD74E972}.Debug|Any CPU.ActiveCfg = Debug|Any CPU
		{E0E0CB92-DBB2-469F-9272-BD35AD74E972}.Debug|Any CPU.Build.0 = Debug|Any CPU
		{E0E0CB92-DBB2-469F-9272-BD35AD74E972}.Release|Any CPU.ActiveCfg = Release|Any CPU
		{E0E0CB92-DBB2-469F-9272-BD35AD74E972}.Release|Any CPU.Build.0 = Release|Any CPU
		{1F21B3E8-B3C0-430E-B9CE-4796F0D5A6CE}.Debug|Any CPU.ActiveCfg = Debug|Any CPU
		{1F21B3E8-B3C0-430E-B9CE-4796F0D5A6CE}.Debug|Any CPU.Build.0 = Debug|Any CPU
		{1F21B3E8-B3C0-430E-B9CE-4796F0D5A6CE}.Release|Any CPU.ActiveCfg = Release|Any CPU
		{1F21B3E8-B3C0-430E-B9CE-4796F0D5A6CE}.Release|Any CPU.Build.0 = Release|Any CPU
		{042B2E50-FAA1-43E6-BA15-E4044A21BC65}.Debug|Any CPU.ActiveCfg = Debug|Any CPU
		{042B2E50-FAA1-43E6-BA15-E4044A21BC65}.Debug|Any CPU.Build.0 = Debug|Any CPU
		{042B2E50-FAA1-43E6-BA15-E4044A21BC65}.Release|Any CPU.ActiveCfg = Release|Any CPU
		{042B2E50-FAA1-43E6-BA15-E4044A21BC65}.Release|Any CPU.Build.0 = Release|Any CPU
		{116073EF-2342-40AF-AD75-241F4499BF78}.Debug|Any CPU.ActiveCfg = Debug|Any CPU
		{116073EF-2342-40AF-AD75-241F4499BF78}.Debug|Any CPU.Build.0 = Debug|Any CPU
		{116073EF-2342-40AF-AD75-241F4499BF78}.Release|Any CPU.ActiveCfg = Release|Any CPU
		{116073EF-2342-40AF-AD75-241F4499BF78}.Release|Any CPU.Build.0 = Release|Any CPU
		{44BFF527-4C0D-418D-8BCE-47EA9167452E}.Debug|Any CPU.ActiveCfg = Debug|Any CPU
		{44BFF527-4C0D-418D-8BCE-47EA9167452E}.Debug|Any CPU.Build.0 = Debug|Any CPU
		{44BFF527-4C0D-418D-8BCE-47EA9167452E}.Release|Any CPU.ActiveCfg = Release|Any CPU
		{44BFF527-4C0D-418D-8BCE-47EA9167452E}.Release|Any CPU.Build.0 = Release|Any CPU
		{20A7D9AF-0F43-4419-9863-1B0A2C502E96}.Debug|Any CPU.ActiveCfg = Debug|Any CPU
		{20A7D9AF-0F43-4419-9863-1B0A2C502E96}.Debug|Any CPU.Build.0 = Debug|Any CPU
		{20A7D9AF-0F43-4419-9863-1B0A2C502E96}.Release|Any CPU.ActiveCfg = Release|Any CPU
		{20A7D9AF-0F43-4419-9863-1B0A2C502E96}.Release|Any CPU.Build.0 = Release|Any CPU
		{7D5C6E12-07B6-4BB9-9BC1-E6D6ABC37F87}.Debug|Any CPU.ActiveCfg = Debug|Any CPU
		{7D5C6E12-07B6-4BB9-9BC1-E6D6ABC37F87}.Debug|Any CPU.Build.0 = Debug|Any CPU
		{7D5C6E12-07B6-4BB9-9BC1-E6D6ABC37F87}.Release|Any CPU.ActiveCfg = Release|Any CPU
		{7D5C6E12-07B6-4BB9-9BC1-E6D6ABC37F87}.Release|Any CPU.Build.0 = Release|Any CPU
		{19A52C05-5283-4E9B-B797-CBDF35D09C7B}.Debug|Any CPU.ActiveCfg = Debug|Any CPU
		{19A52C05-5283-4E9B-B797-CBDF35D09C7B}.Debug|Any CPU.Build.0 = Debug|Any CPU
		{19A52C05-5283-4E9B-B797-CBDF35D09C7B}.Release|Any CPU.ActiveCfg = Release|Any CPU
		{19A52C05-5283-4E9B-B797-CBDF35D09C7B}.Release|Any CPU.Build.0 = Release|Any CPU
		{09C34975-A669-4FC1-A29F-806BB27B1982}.Debug|Any CPU.ActiveCfg = Debug|Any CPU
		{09C34975-A669-4FC1-A29F-806BB27B1982}.Debug|Any CPU.Build.0 = Debug|Any CPU
		{09C34975-A669-4FC1-A29F-806BB27B1982}.Release|Any CPU.ActiveCfg = Release|Any CPU
		{09C34975-A669-4FC1-A29F-806BB27B1982}.Release|Any CPU.Build.0 = Release|Any CPU
		{5BE8260B-E854-4411-BEDC-ABB4895B4017}.Debug|Any CPU.ActiveCfg = Debug|Any CPU
		{5BE8260B-E854-4411-BEDC-ABB4895B4017}.Debug|Any CPU.Build.0 = Debug|Any CPU
		{5BE8260B-E854-4411-BEDC-ABB4895B4017}.Release|Any CPU.ActiveCfg = Release|Any CPU
		{5BE8260B-E854-4411-BEDC-ABB4895B4017}.Release|Any CPU.Build.0 = Release|Any CPU
		{24BD2893-1F77-42C0-99FD-0C25735D409A}.Debug|Any CPU.ActiveCfg = Debug|Any CPU
		{24BD2893-1F77-42C0-99FD-0C25735D409A}.Debug|Any CPU.Build.0 = Debug|Any CPU
		{24BD2893-1F77-42C0-99FD-0C25735D409A}.Release|Any CPU.ActiveCfg = Release|Any CPU
		{24BD2893-1F77-42C0-99FD-0C25735D409A}.Release|Any CPU.Build.0 = Release|Any CPU
		{3EC3BA5F-3F4C-46B0-83BB-1A0BB2A9A056}.Debug|Any CPU.ActiveCfg = Debug|Any CPU
		{3EC3BA5F-3F4C-46B0-83BB-1A0BB2A9A056}.Debug|Any CPU.Build.0 = Debug|Any CPU
		{3EC3BA5F-3F4C-46B0-83BB-1A0BB2A9A056}.Release|Any CPU.ActiveCfg = Release|Any CPU
		{3EC3BA5F-3F4C-46B0-83BB-1A0BB2A9A056}.Release|Any CPU.Build.0 = Release|Any CPU
		{BBDA3FB6-47A4-45E4-B547-DECC2E610AE6}.Debug|Any CPU.ActiveCfg = Debug|Any CPU
		{BBDA3FB6-47A4-45E4-B547-DECC2E610AE6}.Debug|Any CPU.Build.0 = Debug|Any CPU
		{BBDA3FB6-47A4-45E4-B547-DECC2E610AE6}.Release|Any CPU.ActiveCfg = Release|Any CPU
		{BBDA3FB6-47A4-45E4-B547-DECC2E610AE6}.Release|Any CPU.Build.0 = Release|Any CPU
		{24339E86-916F-4862-8D8A-291798EDF7DF}.Debug|Any CPU.ActiveCfg = Debug|Any CPU
		{24339E86-916F-4862-8D8A-291798EDF7DF}.Debug|Any CPU.Build.0 = Debug|Any CPU
		{24339E86-916F-4862-8D8A-291798EDF7DF}.Release|Any CPU.ActiveCfg = Release|Any CPU
		{24339E86-916F-4862-8D8A-291798EDF7DF}.Release|Any CPU.Build.0 = Release|Any CPU
		{1A29ED24-DFC4-4368-AC5C-255CDB43BCDE}.Debug|Any CPU.ActiveCfg = Debug|Any CPU
		{1A29ED24-DFC4-4368-AC5C-255CDB43BCDE}.Debug|Any CPU.Build.0 = Debug|Any CPU
		{1A29ED24-DFC4-4368-AC5C-255CDB43BCDE}.Release|Any CPU.ActiveCfg = Release|Any CPU
		{1A29ED24-DFC4-4368-AC5C-255CDB43BCDE}.Release|Any CPU.Build.0 = Release|Any CPU
		{73246FB0-175D-4C19-A429-6C6A9223EB28}.Debug|Any CPU.ActiveCfg = Debug|Any CPU
		{73246FB0-175D-4C19-A429-6C6A9223EB28}.Debug|Any CPU.Build.0 = Debug|Any CPU
		{73246FB0-175D-4C19-A429-6C6A9223EB28}.Release|Any CPU.ActiveCfg = Release|Any CPU
		{73246FB0-175D-4C19-A429-6C6A9223EB28}.Release|Any CPU.Build.0 = Release|Any CPU
		{46AE9C85-440B-4BE4-97B0-7EA7F6CD085E}.Debug|Any CPU.ActiveCfg = Debug|Any CPU
		{46AE9C85-440B-4BE4-97B0-7EA7F6CD085E}.Debug|Any CPU.Build.0 = Debug|Any CPU
		{46AE9C85-440B-4BE4-97B0-7EA7F6CD085E}.Release|Any CPU.ActiveCfg = Release|Any CPU
		{46AE9C85-440B-4BE4-97B0-7EA7F6CD085E}.Release|Any CPU.Build.0 = Release|Any CPU
		{1AF99072-E5F9-4B3D-AF71-9B31BA2F2050}.Debug|Any CPU.ActiveCfg = Debug|Any CPU
		{1AF99072-E5F9-4B3D-AF71-9B31BA2F2050}.Debug|Any CPU.Build.0 = Debug|Any CPU
		{1AF99072-E5F9-4B3D-AF71-9B31BA2F2050}.Release|Any CPU.ActiveCfg = Release|Any CPU
		{1AF99072-E5F9-4B3D-AF71-9B31BA2F2050}.Release|Any CPU.Build.0 = Release|Any CPU
		{EA894400-2C85-4772-878D-C81EC6F939CC}.Debug|Any CPU.ActiveCfg = Debug|Any CPU
		{EA894400-2C85-4772-878D-C81EC6F939CC}.Debug|Any CPU.Build.0 = Debug|Any CPU
		{EA894400-2C85-4772-878D-C81EC6F939CC}.Release|Any CPU.ActiveCfg = Release|Any CPU
		{EA894400-2C85-4772-878D-C81EC6F939CC}.Release|Any CPU.Build.0 = Release|Any CPU
		{9033BC3D-4A0C-4516-8F6B-B6CEFC032291}.Debug|Any CPU.ActiveCfg = Debug|Any CPU
		{9033BC3D-4A0C-4516-8F6B-B6CEFC032291}.Debug|Any CPU.Build.0 = Debug|Any CPU
		{9033BC3D-4A0C-4516-8F6B-B6CEFC032291}.Release|Any CPU.ActiveCfg = Release|Any CPU
		{9033BC3D-4A0C-4516-8F6B-B6CEFC032291}.Release|Any CPU.Build.0 = Release|Any CPU
		{32A27C35-9B76-4C18-A341-2CED2F999E5A}.Debug|Any CPU.ActiveCfg = Debug|Any CPU
		{32A27C35-9B76-4C18-A341-2CED2F999E5A}.Debug|Any CPU.Build.0 = Debug|Any CPU
		{32A27C35-9B76-4C18-A341-2CED2F999E5A}.Release|Any CPU.ActiveCfg = Release|Any CPU
		{32A27C35-9B76-4C18-A341-2CED2F999E5A}.Release|Any CPU.Build.0 = Release|Any CPU
		{96F8BDAD-3158-48B7-88B2-030ACDE34A2B}.Debug|Any CPU.ActiveCfg = Debug|Any CPU
		{96F8BDAD-3158-48B7-88B2-030ACDE34A2B}.Debug|Any CPU.Build.0 = Debug|Any CPU
		{96F8BDAD-3158-48B7-88B2-030ACDE34A2B}.Release|Any CPU.ActiveCfg = Release|Any CPU
		{96F8BDAD-3158-48B7-88B2-030ACDE34A2B}.Release|Any CPU.Build.0 = Release|Any CPU
		{286A9179-A9A8-4D28-B64C-CDE27812C9F5}.Debug|Any CPU.ActiveCfg = Debug|Any CPU
		{286A9179-A9A8-4D28-B64C-CDE27812C9F5}.Debug|Any CPU.Build.0 = Debug|Any CPU
		{286A9179-A9A8-4D28-B64C-CDE27812C9F5}.Release|Any CPU.ActiveCfg = Release|Any CPU
		{286A9179-A9A8-4D28-B64C-CDE27812C9F5}.Release|Any CPU.Build.0 = Release|Any CPU
	EndGlobalSection
	GlobalSection(SolutionProperties) = preSolution
		HideSolutionNode = FALSE
	EndGlobalSection
	GlobalSection(ExtensibilityGlobals) = postSolution
		SolutionGuid = {3E4318F9-66E8-4456-9099-BF8F52AA58D1}
	EndGlobalSection
EndGlobal
